
Microsoft Visual Studio Solution File, Format Version 12.00
# Visual Studio Version 17
VisualStudioVersion = 17.14.36109.1
MinimumVisualStudioVersion = 10.0.40219.1
Project("{8BC9CEB8-8B4A-11D0-8D11-00A0C91BC942}") = "NoTrainingLimit", "NoTrainingLimit.vcxproj", "{5DDFAE6C-DCC4-42AD-A49E-52F1130B334E}"
EndProject
Project("{911E67C6-3D85-4FCE-B560-20A9C3E3FF48}") = "OblivionRemastered-Win64-Shipping", "C:\Games\Steam\steamapps\common\Oblivion Remastered\OblivionRemastered\Binaries\Win64\OblivionRemastered-Win64-Shipping.exe", "{AEA2AF50-79BE-59BD-114A-6454A39CB192}"
	ProjectSection(DebuggerProjectSystem) = preProject
		PortSupplier = 00000000-0000-0000-0000-000000000000
		Executable = C:\Games\Steam\steamapps\common\Oblivion Remastered\OblivionRemastered\Binaries\Win64\OblivionRemastered-Win64-Shipping.exe
		RemoteMachine = DESKTOP-43GH9EM
		StartingDirectory = C:\Games\Steam\steamapps\common\Oblivion Remastered\OblivionRemastered\Binaries\Win64
		Environment = Default
		LaunchingEngine = 00000000-0000-0000-0000-000000000000
		UseLegacyDebugEngines = No
		LaunchSQLEngine = No
		AttachLaunchAction = Yes
		IORedirection = Auto
	EndProjectSection
EndProject
Project("{8BC9CEB8-8B4A-11D0-8D11-00A0C91BC942}") = "BGSScriptExtenderPluginTools", "..\..\BGSScriptExtenderPluginTools\BGSScriptExtenderPluginTools.vcxproj", "{A0F5282E-6F62-4862-A85D-F03EF53C6162}"
EndProject
Global
	GlobalSection(SolutionConfigurationPlatforms) = preSolution
		Debug|x64 = Debug|x64
		Debug|x86 = Debug|x86
		Release|x64 = Release|x64
		Release|x86 = Release|x86
	EndGlobalSection
	GlobalSection(ProjectConfigurationPlatforms) = postSolution
		{5DDFAE6C-DCC4-42AD-A49E-52F1130B334E}.Debug|x64.ActiveCfg = Debug|x64
		{5DDFAE6C-DCC4-42AD-A49E-52F1130B334E}.Debug|x64.Build.0 = Debug|x64
		{5DDFAE6C-DCC4-42AD-A49E-52F1130B334E}.Debug|x86.ActiveCfg = Debug|Win32
		{5DDFAE6C-DCC4-42AD-A49E-52F1130B334E}.Debug|x86.Build.0 = Debug|Win32
		{5DDFAE6C-DCC4-42AD-A49E-52F1130B334E}.Release|x64.ActiveCfg = Release|x64
		{5DDFAE6C-DCC4-42AD-A49E-52F1130B334E}.Release|x64.Build.0 = Release|x64
		{5DDFAE6C-DCC4-42AD-A49E-52F1130B334E}.Release|x86.ActiveCfg = Release|Win32
		{5DDFAE6C-DCC4-42AD-A49E-52F1130B334E}.Release|x86.Build.0 = Release|Win32
		{AEA2AF50-79BE-59BD-114A-6454A39CB192}.Debug|x64.ActiveCfg = Release|x64
		{AEA2AF50-79BE-59BD-114A-6454A39CB192}.Debug|x86.ActiveCfg = Release|x64
		{AEA2AF50-79BE-59BD-114A-6454A39CB192}.Release|x64.ActiveCfg = Release|x64
		{AEA2AF50-79BE-59BD-114A-6454A39CB192}.Release|x86.ActiveCfg = Release|x64
		{A0F5282E-6F62-4862-A85D-F03EF53C6162}.Debug|x64.ActiveCfg = Debug|x64
		{A0F5282E-6F62-4862-A85D-F03EF53C6162}.Debug|x64.Build.0 = Debug|x64
		{A0F5282E-6F62-4862-A85D-F03EF53C6162}.Debug|x86.ActiveCfg = Debug|Win32
		{A0F5282E-6F62-4862-A85D-F03EF53C6162}.Debug|x86.Build.0 = Debug|Win32
		{A0F5282E-6F62-4862-A85D-F03EF53C6162}.Release|x64.ActiveCfg = Release|x64
		{A0F5282E-6F62-4862-A85D-F03EF53C6162}.Release|x64.Build.0 = Release|x64
		{A0F5282E-6F62-4862-A85D-F03EF53C6162}.Release|x86.ActiveCfg = Release|Win32
		{A0F5282E-6F62-4862-A85D-F03EF53C6162}.Release|x86.Build.0 = Release|Win32
	EndGlobalSection
	GlobalSection(SolutionProperties) = preSolution
		HideSolutionNode = FALSE
	EndGlobalSection
	GlobalSection(ExtensibilityGlobals) = postSolution
		SolutionGuid = {74E7DC7C-4A19-4415-9AE1-CA004CF66C95}
	EndGlobalSection
EndGlobal
